
Microsoft Visual Studio Solution File, Format Version 12.00
# Visual Studio 15
Project("{FAE04EC0-301F-11D3-BF4B-00C04F79EFBC}") = "glTF-BinExporter", "glTF-BinExporter\glTF-BinExporter.csproj", "{4491BB4A-48C4-4681-9F9E-FEAA285F20CC}"
EndProject
Global
	GlobalSection(SolutionConfigurationPlatforms) = preSolution
		Debug|Any CPU = Debug|Any CPU
		Release|Any CPU = Release|Any CPU
	EndGlobalSection
	GlobalSection(ProjectConfigurationPlatforms) = postSolution
		{4491BB4A-48C4-4681-9F9E-FEAA285F20CC}.Debug|Any CPU.ActiveCfg = Debug|Any CPU
		{4491BB4A-48C4-4681-9F9E-FEAA285F20CC}.Debug|Any CPU.Build.0 = Debug|Any CPU
		{4491BB4A-48C4-4681-9F9E-FEAA285F20CC}.Release|Any CPU.ActiveCfg = Release|Any CPU
		{4491BB4A-48C4-4681-9F9E-FEAA285F20CC}.Release|Any CPU.Build.0 = Release|Any CPU
	EndGlobalSection
EndGlobal
