Microsoft Visual Studio Solution File, Format Version 12.00
# Visual Studio Version 16
VisualStudioVersion = 16.0.30611.23
MinimumVisualStudioVersion = 10.0.40219.1
Project("{FAE04EC0-301F-11D3-BF4B-00C04F79EFBC}") = "glTF-BinExporter", "glTF-BinExporter\glTF-BinExporter.csproj", "{4491BB4A-48C4-4681-9F9E-FEAA285F20CC}"
EndProject
Project("{9A19103F-16F7-4668-BE54-9A1E7A4F7556}") = "glTF-BinExporterWin", "glTF-BinExporter\glTF-BinExporterWin.csproj", "{A6E83F67-CA6B-4057-970D-46BAAAA235A6}"
EndProject
Global
	GlobalSection(SolutionConfigurationPlatforms) = preSolution
		Debug|Any CPU = Debug|Any CPU
		Release|Any CPU = Release|Any CPU
	EndGlobalSection
	GlobalSection(ProjectConfigurationPlatforms) = postSolution
		{4491BB4A-48C4-4681-9F9E-FEAA285F20CC}.Debug|Any CPU.ActiveCfg = Debug|Any CPU
		{4491BB4A-48C4-4681-9F9E-FEAA285F20CC}.Debug|Any CPU.Build.0 = Debug|Any CPU
		{4491BB4A-48C4-4681-9F9E-FEAA285F20CC}.Release|Any CPU.ActiveCfg = Release|Any CPU
		{4491BB4A-48C4-4681-9F9E-FEAA285F20CC}.Release|Any CPU.Build.0 = Release|Any CPU
		{A6E83F67-CA6B-4057-970D-46BAAAA235A6}.Debug|Any CPU.ActiveCfg = Debug|Any CPU
		{A6E83F67-CA6B-4057-970D-46BAAAA235A6}.Debug|Any CPU.Build.0 = Debug|Any CPU
		{A6E83F67-CA6B-4057-970D-46BAAAA235A6}.Release|Any CPU.ActiveCfg = Release|Any CPU
		{A6E83F67-CA6B-4057-970D-46BAAAA235A6}.Release|Any CPU.Build.0 = Release|Any CPU
	EndGlobalSection
	GlobalSection(SolutionProperties) = preSolution
		HideSolutionNode = FALSE
	EndGlobalSection
	GlobalSection(ExtensibilityGlobals) = postSolution
		SolutionGuid = {CC6F7860-F467-4BA2-9079-EFDC3EB9F98A}
	EndGlobalSection
EndGlobal
