Microsoft Visual Studio Solution File, Format Version 12.00
# Visual Studio Version 16
VisualStudioVersion = 16.0.30611.23
MinimumVisualStudioVersion = 10.0.40219.1
Project("{9A19103F-16F7-4668-BE54-9A1E7A4F7556}") = "glTF-BinExporter", "glTF-BinExporter\glTF-BinExporter.csproj", "{4491BB4A-48C4-4681-9F9E-FEAA285F20CC}"
EndProject
Project("{2150E333-8FDC-42A3-9474-1A3956D46DE8}") = "glTFLib", "glTFLib", "{276539E0-5857-46E7-9A2B-D8F7C8F5D112}"
EndProject
Project("{9A19103F-16F7-4668-BE54-9A1E7A4F7556}") = "Generator", "glTFLib\glTF-CSharp-Loader\Generator\Generator.csproj", "{5F1EB9C4-C06D-438C-8F71-B455DDF85456}"
EndProject
Project("{9A19103F-16F7-4668-BE54-9A1E7A4F7556}") = "GeneratorLib", "glTFLib\glTF-CSharp-Loader\GeneratorLib\GeneratorLib.csproj", "{DF4D02CB-5035-4A9F-AB22-62FB38AA1622}"
EndProject
Project("{9A19103F-16F7-4668-BE54-9A1E7A4F7556}") = "GeneratorUnitTests", "glTFLib\glTF-CSharp-Loader\GeneratorUnitTests\GeneratorUnitTests.csproj", "{431A50BA-F27A-4685-9061-FFA171106F32}"
EndProject
Project("{9A19103F-16F7-4668-BE54-9A1E7A4F7556}") = "glTFLoader", "glTFLib\glTF-CSharp-Loader\glTFLoader\glTFLoader.csproj", "{4C88FA85-98F7-4E37-978C-1885D175B428}"
	ProjectSection(ProjectDependencies) = postProject
		{5F1EB9C4-C06D-438C-8F71-B455DDF85456} = {5F1EB9C4-C06D-438C-8F71-B455DDF85456}
	EndProjectSection
EndProject
Project("{9A19103F-16F7-4668-BE54-9A1E7A4F7556}") = "glTFLoaderUnitTests", "glTFLib\glTF-CSharp-Loader\glTFLoaderUnitTests\glTFLoaderUnitTests.csproj", "{41F1BEA4-2895-4982-9AB7-A863C61C2075}"
EndProject
Project("{9A19103F-16F7-4668-BE54-9A1E7A4F7556}") = "glTF-BinExporterWin", "glTF-BinExporter\glTF-BinExporterWin.csproj", "{393F26E2-298F-4581-9993-C8E8416F53AA}"
EndProject
Project("{FAE04EC0-301F-11D3-BF4B-00C04F79EFBC}") = "glTFExtensions", "glTFExtensions\glTFExtensions.csproj", "{CEB4C2BC-FC3A-4262-95F8-D481F5A1C730}"
EndProject
Project("{FAE04EC0-301F-11D3-BF4B-00C04F79EFBC}") = "glTF-BinImporter", "glTF-BinImporter\glTF-BinImporter.csproj", "{C654EA6E-2EF6-4DAD-9267-D7B527D51CF9}"
EndProject
Project("{2150E333-8FDC-42A3-9474-1A3956D46DE8}") = "Solution Items", "Solution Items", "{EA406C91-1648-40D1-8A09-166D1329B501}"
	ProjectSection(SolutionItems) = preProject
		make_package.sh = make_package.sh
	EndProjectSection
EndProject
Global
	GlobalSection(SolutionConfigurationPlatforms) = preSolution
		Debug|Any CPU = Debug|Any CPU
		Debug|x64 = Debug|x64
		Debug|x86 = Debug|x86
		Release|Any CPU = Release|Any CPU
		Release|x64 = Release|x64
		Release|x86 = Release|x86
	EndGlobalSection
	GlobalSection(ProjectConfigurationPlatforms) = postSolution
		{4491BB4A-48C4-4681-9F9E-FEAA285F20CC}.Debug|Any CPU.ActiveCfg = Debug|Any CPU
		{4491BB4A-48C4-4681-9F9E-FEAA285F20CC}.Debug|Any CPU.Build.0 = Debug|Any CPU
		{4491BB4A-48C4-4681-9F9E-FEAA285F20CC}.Debug|x64.ActiveCfg = Debug|Any CPU
		{4491BB4A-48C4-4681-9F9E-FEAA285F20CC}.Debug|x64.Build.0 = Debug|Any CPU
		{4491BB4A-48C4-4681-9F9E-FEAA285F20CC}.Debug|x86.ActiveCfg = Debug|Any CPU
		{4491BB4A-48C4-4681-9F9E-FEAA285F20CC}.Debug|x86.Build.0 = Debug|Any CPU
		{4491BB4A-48C4-4681-9F9E-FEAA285F20CC}.Release|Any CPU.ActiveCfg = Release|Any CPU
		{4491BB4A-48C4-4681-9F9E-FEAA285F20CC}.Release|Any CPU.Build.0 = Release|Any CPU
		{4491BB4A-48C4-4681-9F9E-FEAA285F20CC}.Release|x64.ActiveCfg = Release|Any CPU
		{4491BB4A-48C4-4681-9F9E-FEAA285F20CC}.Release|x64.Build.0 = Release|Any CPU
		{4491BB4A-48C4-4681-9F9E-FEAA285F20CC}.Release|x86.ActiveCfg = Release|Any CPU
		{4491BB4A-48C4-4681-9F9E-FEAA285F20CC}.Release|x86.Build.0 = Release|Any CPU
		{5F1EB9C4-C06D-438C-8F71-B455DDF85456}.Debug|Any CPU.ActiveCfg = Debug|Any CPU
		{5F1EB9C4-C06D-438C-8F71-B455DDF85456}.Debug|Any CPU.Build.0 = Debug|Any CPU
		{5F1EB9C4-C06D-438C-8F71-B455DDF85456}.Debug|x64.ActiveCfg = Debug|Any CPU
		{5F1EB9C4-C06D-438C-8F71-B455DDF85456}.Debug|x64.Build.0 = Debug|Any CPU
		{5F1EB9C4-C06D-438C-8F71-B455DDF85456}.Debug|x86.ActiveCfg = Debug|Any CPU
		{5F1EB9C4-C06D-438C-8F71-B455DDF85456}.Debug|x86.Build.0 = Debug|Any CPU
		{5F1EB9C4-C06D-438C-8F71-B455DDF85456}.Release|Any CPU.ActiveCfg = Release|Any CPU
		{5F1EB9C4-C06D-438C-8F71-B455DDF85456}.Release|Any CPU.Build.0 = Release|Any CPU
		{5F1EB9C4-C06D-438C-8F71-B455DDF85456}.Release|x64.ActiveCfg = Release|Any CPU
		{5F1EB9C4-C06D-438C-8F71-B455DDF85456}.Release|x64.Build.0 = Release|Any CPU
		{5F1EB9C4-C06D-438C-8F71-B455DDF85456}.Release|x86.ActiveCfg = Release|Any CPU
		{5F1EB9C4-C06D-438C-8F71-B455DDF85456}.Release|x86.Build.0 = Release|Any CPU
		{DF4D02CB-5035-4A9F-AB22-62FB38AA1622}.Debug|Any CPU.ActiveCfg = Debug|Any CPU
		{DF4D02CB-5035-4A9F-AB22-62FB38AA1622}.Debug|Any CPU.Build.0 = Debug|Any CPU
		{DF4D02CB-5035-4A9F-AB22-62FB38AA1622}.Debug|x64.ActiveCfg = Debug|Any CPU
		{DF4D02CB-5035-4A9F-AB22-62FB38AA1622}.Debug|x64.Build.0 = Debug|Any CPU
		{DF4D02CB-5035-4A9F-AB22-62FB38AA1622}.Debug|x86.ActiveCfg = Debug|Any CPU
		{DF4D02CB-5035-4A9F-AB22-62FB38AA1622}.Debug|x86.Build.0 = Debug|Any CPU
		{DF4D02CB-5035-4A9F-AB22-62FB38AA1622}.Release|Any CPU.ActiveCfg = Release|Any CPU
		{DF4D02CB-5035-4A9F-AB22-62FB38AA1622}.Release|Any CPU.Build.0 = Release|Any CPU
		{DF4D02CB-5035-4A9F-AB22-62FB38AA1622}.Release|x64.ActiveCfg = Release|Any CPU
		{DF4D02CB-5035-4A9F-AB22-62FB38AA1622}.Release|x64.Build.0 = Release|Any CPU
		{DF4D02CB-5035-4A9F-AB22-62FB38AA1622}.Release|x86.ActiveCfg = Release|Any CPU
		{DF4D02CB-5035-4A9F-AB22-62FB38AA1622}.Release|x86.Build.0 = Release|Any CPU
		{431A50BA-F27A-4685-9061-FFA171106F32}.Debug|Any CPU.ActiveCfg = Debug|Any CPU
		{431A50BA-F27A-4685-9061-FFA171106F32}.Debug|Any CPU.Build.0 = Debug|Any CPU
		{431A50BA-F27A-4685-9061-FFA171106F32}.Debug|x64.ActiveCfg = Debug|x64
		{431A50BA-F27A-4685-9061-FFA171106F32}.Debug|x64.Build.0 = Debug|x64
		{431A50BA-F27A-4685-9061-FFA171106F32}.Debug|x86.ActiveCfg = Debug|x86
		{431A50BA-F27A-4685-9061-FFA171106F32}.Debug|x86.Build.0 = Debug|x86
		{431A50BA-F27A-4685-9061-FFA171106F32}.Release|Any CPU.ActiveCfg = Release|Any CPU
		{431A50BA-F27A-4685-9061-FFA171106F32}.Release|Any CPU.Build.0 = Release|Any CPU
		{431A50BA-F27A-4685-9061-FFA171106F32}.Release|x64.ActiveCfg = Release|x64
		{431A50BA-F27A-4685-9061-FFA171106F32}.Release|x64.Build.0 = Release|x64
		{431A50BA-F27A-4685-9061-FFA171106F32}.Release|x86.ActiveCfg = Release|x86
		{431A50BA-F27A-4685-9061-FFA171106F32}.Release|x86.Build.0 = Release|x86
		{4C88FA85-98F7-4E37-978C-1885D175B428}.Debug|Any CPU.ActiveCfg = Debug|Any CPU
		{4C88FA85-98F7-4E37-978C-1885D175B428}.Debug|Any CPU.Build.0 = Debug|Any CPU
		{4C88FA85-98F7-4E37-978C-1885D175B428}.Debug|x64.ActiveCfg = Debug|Any CPU
		{4C88FA85-98F7-4E37-978C-1885D175B428}.Debug|x64.Build.0 = Debug|Any CPU
		{4C88FA85-98F7-4E37-978C-1885D175B428}.Debug|x86.ActiveCfg = Debug|Any CPU
		{4C88FA85-98F7-4E37-978C-1885D175B428}.Debug|x86.Build.0 = Debug|Any CPU
		{4C88FA85-98F7-4E37-978C-1885D175B428}.Release|Any CPU.ActiveCfg = Release|Any CPU
		{4C88FA85-98F7-4E37-978C-1885D175B428}.Release|Any CPU.Build.0 = Release|Any CPU
		{4C88FA85-98F7-4E37-978C-1885D175B428}.Release|x64.ActiveCfg = Release|Any CPU
		{4C88FA85-98F7-4E37-978C-1885D175B428}.Release|x64.Build.0 = Release|Any CPU
		{4C88FA85-98F7-4E37-978C-1885D175B428}.Release|x86.ActiveCfg = Release|Any CPU
		{4C88FA85-98F7-4E37-978C-1885D175B428}.Release|x86.Build.0 = Release|Any CPU
		{41F1BEA4-2895-4982-9AB7-A863C61C2075}.Debug|Any CPU.ActiveCfg = Debug|Any CPU
		{41F1BEA4-2895-4982-9AB7-A863C61C2075}.Debug|Any CPU.Build.0 = Debug|Any CPU
		{41F1BEA4-2895-4982-9AB7-A863C61C2075}.Debug|x64.ActiveCfg = Debug|x64
		{41F1BEA4-2895-4982-9AB7-A863C61C2075}.Debug|x64.Build.0 = Debug|x64
		{41F1BEA4-2895-4982-9AB7-A863C61C2075}.Debug|x86.ActiveCfg = Debug|x86
		{41F1BEA4-2895-4982-9AB7-A863C61C2075}.Debug|x86.Build.0 = Debug|x86
		{41F1BEA4-2895-4982-9AB7-A863C61C2075}.Release|Any CPU.ActiveCfg = Release|Any CPU
		{41F1BEA4-2895-4982-9AB7-A863C61C2075}.Release|Any CPU.Build.0 = Release|Any CPU
		{41F1BEA4-2895-4982-9AB7-A863C61C2075}.Release|x64.ActiveCfg = Release|x64
		{41F1BEA4-2895-4982-9AB7-A863C61C2075}.Release|x64.Build.0 = Release|x64
		{41F1BEA4-2895-4982-9AB7-A863C61C2075}.Release|x86.ActiveCfg = Release|x86
		{41F1BEA4-2895-4982-9AB7-A863C61C2075}.Release|x86.Build.0 = Release|x86
		{393F26E2-298F-4581-9993-C8E8416F53AA}.Debug|Any CPU.ActiveCfg = Debug|Any CPU
		{393F26E2-298F-4581-9993-C8E8416F53AA}.Debug|Any CPU.Build.0 = Debug|Any CPU
		{393F26E2-298F-4581-9993-C8E8416F53AA}.Debug|x64.ActiveCfg = Debug|Any CPU
		{393F26E2-298F-4581-9993-C8E8416F53AA}.Debug|x64.Build.0 = Debug|Any CPU
		{393F26E2-298F-4581-9993-C8E8416F53AA}.Debug|x86.ActiveCfg = Debug|Any CPU
		{393F26E2-298F-4581-9993-C8E8416F53AA}.Debug|x86.Build.0 = Debug|Any CPU
		{393F26E2-298F-4581-9993-C8E8416F53AA}.Release|Any CPU.ActiveCfg = Release|Any CPU
		{393F26E2-298F-4581-9993-C8E8416F53AA}.Release|Any CPU.Build.0 = Release|Any CPU
		{393F26E2-298F-4581-9993-C8E8416F53AA}.Release|x64.ActiveCfg = Release|Any CPU
		{393F26E2-298F-4581-9993-C8E8416F53AA}.Release|x64.Build.0 = Release|Any CPU
		{393F26E2-298F-4581-9993-C8E8416F53AA}.Release|x86.ActiveCfg = Release|Any CPU
		{393F26E2-298F-4581-9993-C8E8416F53AA}.Release|x86.Build.0 = Release|Any CPU
		{CEB4C2BC-FC3A-4262-95F8-D481F5A1C730}.Debug|Any CPU.ActiveCfg = Debug|Any CPU
		{CEB4C2BC-FC3A-4262-95F8-D481F5A1C730}.Debug|Any CPU.Build.0 = Debug|Any CPU
		{CEB4C2BC-FC3A-4262-95F8-D481F5A1C730}.Debug|x64.ActiveCfg = Debug|Any CPU
		{CEB4C2BC-FC3A-4262-95F8-D481F5A1C730}.Debug|x64.Build.0 = Debug|Any CPU
		{CEB4C2BC-FC3A-4262-95F8-D481F5A1C730}.Debug|x86.ActiveCfg = Debug|Any CPU
		{CEB4C2BC-FC3A-4262-95F8-D481F5A1C730}.Debug|x86.Build.0 = Debug|Any CPU
		{CEB4C2BC-FC3A-4262-95F8-D481F5A1C730}.Release|Any CPU.ActiveCfg = Release|Any CPU
		{CEB4C2BC-FC3A-4262-95F8-D481F5A1C730}.Release|Any CPU.Build.0 = Release|Any CPU
		{CEB4C2BC-FC3A-4262-95F8-D481F5A1C730}.Release|x64.ActiveCfg = Release|Any CPU
		{CEB4C2BC-FC3A-4262-95F8-D481F5A1C730}.Release|x64.Build.0 = Release|Any CPU
		{CEB4C2BC-FC3A-4262-95F8-D481F5A1C730}.Release|x86.ActiveCfg = Release|Any CPU
		{CEB4C2BC-FC3A-4262-95F8-D481F5A1C730}.Release|x86.Build.0 = Release|Any CPU
		{C654EA6E-2EF6-4DAD-9267-D7B527D51CF9}.Debug|Any CPU.ActiveCfg = Debug|Any CPU
		{C654EA6E-2EF6-4DAD-9267-D7B527D51CF9}.Debug|Any CPU.Build.0 = Debug|Any CPU
		{C654EA6E-2EF6-4DAD-9267-D7B527D51CF9}.Debug|x64.ActiveCfg = Debug|Any CPU
		{C654EA6E-2EF6-4DAD-9267-D7B527D51CF9}.Debug|x64.Build.0 = Debug|Any CPU
		{C654EA6E-2EF6-4DAD-9267-D7B527D51CF9}.Debug|x86.ActiveCfg = Debug|Any CPU
		{C654EA6E-2EF6-4DAD-9267-D7B527D51CF9}.Debug|x86.Build.0 = Debug|Any CPU
		{C654EA6E-2EF6-4DAD-9267-D7B527D51CF9}.Release|Any CPU.ActiveCfg = Release|Any CPU
		{C654EA6E-2EF6-4DAD-9267-D7B527D51CF9}.Release|Any CPU.Build.0 = Release|Any CPU
		{C654EA6E-2EF6-4DAD-9267-D7B527D51CF9}.Release|x64.ActiveCfg = Release|Any CPU
		{C654EA6E-2EF6-4DAD-9267-D7B527D51CF9}.Release|x64.Build.0 = Release|Any CPU
		{C654EA6E-2EF6-4DAD-9267-D7B527D51CF9}.Release|x86.ActiveCfg = Release|Any CPU
		{C654EA6E-2EF6-4DAD-9267-D7B527D51CF9}.Release|x86.Build.0 = Release|Any CPU
	EndGlobalSection
	GlobalSection(SolutionProperties) = preSolution
		HideSolutionNode = FALSE
	EndGlobalSection
	GlobalSection(NestedProjects) = preSolution
		{5F1EB9C4-C06D-438C-8F71-B455DDF85456} = {276539E0-5857-46E7-9A2B-D8F7C8F5D112}
		{DF4D02CB-5035-4A9F-AB22-62FB38AA1622} = {276539E0-5857-46E7-9A2B-D8F7C8F5D112}
		{431A50BA-F27A-4685-9061-FFA171106F32} = {276539E0-5857-46E7-9A2B-D8F7C8F5D112}
		{4C88FA85-98F7-4E37-978C-1885D175B428} = {276539E0-5857-46E7-9A2B-D8F7C8F5D112}
		{41F1BEA4-2895-4982-9AB7-A863C61C2075} = {276539E0-5857-46E7-9A2B-D8F7C8F5D112}
	EndGlobalSection
	GlobalSection(ExtensibilityGlobals) = postSolution
		SolutionGuid = {CC6F7860-F467-4BA2-9079-EFDC3EB9F98A}
	EndGlobalSection
	GlobalSection(MonoDevelopProperties) = preSolution
		version = 1.8.0.0
		Policies = $0
		$0.DotNetNamingPolicy = $1
		$1.DirectoryNamespaceAssociation = PrefixedHierarchical
		$0.StandardHeader = $2
		$0.VersionControlPolicy = $3
	EndGlobalSection
EndGlobal
